
Microsoft Visual Studio Solution File, Format Version 12.00
# Visual Studio Version 17
VisualStudioVersion = 17.0.31903.59
MinimumVisualStudioVersion = 10.0.40219.1
Project("{2150E333-8FDC-42A3-9474-1A3956D46DE8}") = "src", "src", "{827E0CD3-B72D-47B6-A68D-7590B98EB39B}"
EndProject
Project("{FAE04EC0-301F-11D3-BF4B-00C04F79EFBC}") = "PetCareAI.Api", "src\PetCareAI.Api\PetCareAI.Api.csproj", "{ADD2D189-8E1D-432B-80B8-7D1397913515}"
EndProject
Project("{2150E333-8FDC-42A3-9474-1A3956D46DE8}") = "tests", "tests", "{0AB3BF05-4346-4AA6-1389-037BE0695223}"
EndProject
Project("{FAE04EC0-301F-11D3-BF4B-00C04F79EFBC}") = "PetCareAI.Tests.Unit", "tests\PetCareAI.Tests.Unit\PetCareAI.Tests.Unit.csproj", "{DD26EC60-E6DE-4DCA-A096-1B896D618288}"
EndProject
Project("{FAE04EC0-301F-11D3-BF4B-00C04F79EFBC}") = "PetCareAI.Tests.Integration", "tests\PetCareAI.Tests.Integration\PetCareAI.Tests.Integration.csproj", "{C618AD72-0A30-4D92-B47F-D58BC228FE65}"
EndProject
Global
	GlobalSection(SolutionConfigurationPlatforms) = preSolution
		Debug|Any CPU = Debug|Any CPU
		Debug|x64 = Debug|x64
		Debug|x86 = Debug|x86
		Release|Any CPU = Release|Any CPU
		Release|x64 = Release|x64
		Release|x86 = Release|x86
	EndGlobalSection
	GlobalSection(ProjectConfigurationPlatforms) = postSolution
		{ADD2D189-8E1D-432B-80B8-7D1397913515}.Debug|Any CPU.ActiveCfg = Debug|Any CPU
		{ADD2D189-8E1D-432B-80B8-7D1397913515}.Debug|Any CPU.Build.0 = Debug|Any CPU
		{ADD2D189-8E1D-432B-80B8-7D1397913515}.Debug|x64.ActiveCfg = Debug|Any CPU
		{ADD2D189-8E1D-432B-80B8-7D1397913515}.Debug|x64.Build.0 = Debug|Any CPU
		{ADD2D189-8E1D-432B-80B8-7D1397913515}.Debug|x86.ActiveCfg = Debug|Any CPU
		{ADD2D189-8E1D-432B-80B8-7D1397913515}.Debug|x86.Build.0 = Debug|Any CPU
		{ADD2D189-8E1D-432B-80B8-7D1397913515}.Release|Any CPU.ActiveCfg = Release|Any CPU
		{ADD2D189-8E1D-432B-80B8-7D1397913515}.Release|Any CPU.Build.0 = Release|Any CPU
		{ADD2D189-8E1D-432B-80B8-7D1397913515}.Release|x64.ActiveCfg = Release|Any CPU
		{ADD2D189-8E1D-432B-80B8-7D1397913515}.Release|x64.Build.0 = Release|Any CPU
		{ADD2D189-8E1D-432B-80B8-7D1397913515}.Release|x86.ActiveCfg = Release|Any CPU
		{ADD2D189-8E1D-432B-80B8-7D1397913515}.Release|x86.Build.0 = Release|Any CPU
		{DD26EC60-E6DE-4DCA-A096-1B896D618288}.Debug|Any CPU.ActiveCfg = Debug|Any CPU
		{DD26EC60-E6DE-4DCA-A096-1B896D618288}.Debug|Any CPU.Build.0 = Debug|Any CPU
		{DD26EC60-E6DE-4DCA-A096-1B896D618288}.Debug|x64.ActiveCfg = Debug|Any CPU
		{DD26EC60-E6DE-4DCA-A096-1B896D618288}.Debug|x64.Build.0 = Debug|Any CPU
		{DD26EC60-E6DE-4DCA-A096-1B896D618288}.Debug|x86.ActiveCfg = Debug|Any CPU
		{DD26EC60-E6DE-4DCA-A096-1B896D618288}.Debug|x86.Build.0 = Debug|Any CPU
		{DD26EC60-E6DE-4DCA-A096-1B896D618288}.Release|Any CPU.ActiveCfg = Release|Any CPU
		{DD26EC60-E6DE-4DCA-A096-1B896D618288}.Release|Any CPU.Build.0 = Release|Any CPU
		{DD26EC60-E6DE-4DCA-A096-1B896D618288}.Release|x64.ActiveCfg = Release|Any CPU
		{DD26EC60-E6DE-4DCA-A096-1B896D618288}.Release|x64.Build.0 = Release|Any CPU
		{DD26EC60-E6DE-4DCA-A096-1B896D618288}.Release|x86.ActiveCfg = Release|Any CPU
		{DD26EC60-E6DE-4DCA-A096-1B896D618288}.Release|x86.Build.0 = Release|Any CPU
		{C618AD72-0A30-4D92-B47F-D58BC228FE65}.Debug|Any CPU.ActiveCfg = Debug|Any CPU
		{C618AD72-0A30-4D92-B47F-D58BC228FE65}.Debug|Any CPU.Build.0 = Debug|Any CPU
		{C618AD72-0A30-4D92-B47F-D58BC228FE65}.Debug|x64.ActiveCfg = Debug|Any CPU
		{C618AD72-0A30-4D92-B47F-D58BC228FE65}.Debug|x64.Build.0 = Debug|Any CPU
		{C618AD72-0A30-4D92-B47F-D58BC228FE65}.Debug|x86.ActiveCfg = Debug|Any CPU
		{C618AD72-0A30-4D92-B47F-D58BC228FE65}.Debug|x86.Build.0 = Debug|Any CPU
		{C618AD72-0A30-4D92-B47F-D58BC228FE65}.Release|Any CPU.ActiveCfg = Release|Any CPU
		{C618AD72-0A30-4D92-B47F-D58BC228FE65}.Release|Any CPU.Build.0 = Release|Any CPU
		{C618AD72-0A30-4D92-B47F-D58BC228FE65}.Release|x64.ActiveCfg = Release|Any CPU
		{C618AD72-0A30-4D92-B47F-D58BC228FE65}.Release|x64.Build.0 = Release|Any CPU
		{C618AD72-0A30-4D92-B47F-D58BC228FE65}.Release|x86.ActiveCfg = Release|Any CPU
		{C618AD72-0A30-4D92-B47F-D58BC228FE65}.Release|x86.Build.0 = Release|Any CPU
	EndGlobalSection
	GlobalSection(SolutionProperties) = preSolution
		HideSolutionNode = FALSE
	EndGlobalSection
	GlobalSection(NestedProjects) = preSolution
		{ADD2D189-8E1D-432B-80B8-7D1397913515} = {827E0CD3-B72D-47B6-A68D-7590B98EB39B}
		{DD26EC60-E6DE-4DCA-A096-1B896D618288} = {0AB3BF05-4346-4AA6-1389-037BE0695223}
		{C618AD72-0A30-4D92-B47F-D58BC228FE65} = {0AB3BF05-4346-4AA6-1389-037BE0695223}
	EndGlobalSection
EndGlobal
